<?xml version="1.0" encoding="utf-8"?>
<Project ToolsVersion="4.0" xmlns="http://schemas.microsoft.com/developer/msbuild/2003">
  <ItemGroup>
    <Filter Include="소스 파일">
      <UniqueIdentifier>{4FC737F1-C7A5-4376-A066-2A32D752A2FF}</UniqueIdentifier>
      <Extensions>cpp;c;cc;cxx;c++;cppm;ixx;def;odl;idl;hpj;bat;asm;asmx</Extensions>
    </Filter>
    <Filter Include="헤더 파일">
      <UniqueIdentifier>{93995380-89BD-4b04-88EB-625FBE52EBFB}</UniqueIdentifier>
      <Extensions>h;hh;hpp;hxx;h++;hm;inl;inc;ipp;xsd</Extensions>
    </Filter>
    <Filter Include="리소스 파일">
      <UniqueIdentifier>{67DA6AB6-F800-4c08-8B7A-83BB121AAD01}</UniqueIdentifier>
      <Extensions>rc;ico;cur;bmp;dlg;rc2;rct;bin;rgs;gif;jpg;jpeg;jpe;resx;tiff;tif;png;wav;mfcribbon-ms</Extensions>
    </Filter>
    <Filter Include="소스 파일\array">
      <UniqueIdentifier>{7a93e73e-c7c8-4f7d-9e09-192ab7431f79}</UniqueIdentifier>
    </Filter>
    <Filter Include="소스 파일\stack">
      <UniqueIdentifier>{9bb56638-3318-4fa4-b102-3b2eaf643e60}</UniqueIdentifier>
    </Filter>
    <Filter Include="소스 파일\Queue">
      <UniqueIdentifier>{71e92601-93b8-49c1-bcd4-d5f90cc14453}</UniqueIdentifier>
    </Filter>
    <Filter Include="소스 파일\Hash">
      <UniqueIdentifier>{c5411f22-8ece-48ee-815a-256dc4e4e53a}</UniqueIdentifier>
    </Filter>
    <Filter Include="소스 파일\Tree">
      <UniqueIdentifier>{d2b5b60a-11d5-4e0d-bee6-b48cf2aad196}</UniqueIdentifier>
    </Filter>
    <Filter Include="소스 파일\Set">
      <UniqueIdentifier>{b4c0f1a1-e65b-4696-87c4-539b97e5c46b}</UniqueIdentifier>
    </Filter>
    <Filter Include="소스 파일\Graph">
      <UniqueIdentifier>{93c4a8c7-28cb-4a76-bf31-e94223586f7c}</UniqueIdentifier>
    </Filter>
    <Filter Include="소스 파일\Simulation">
      <UniqueIdentifier>{fc686301-de7d-4cd8-8dee-0ee74a40b60f}</UniqueIdentifier>
    </Filter>
    <Filter Include="Samsung">
      <UniqueIdentifier>{b5eac7c5-8279-432d-8858-d07a770b44be}</UniqueIdentifier>
    </Filter>
  </ItemGroup>
  <ItemGroup>
    <ClCompile Include="cpp7.cpp">
      <Filter>소스 파일\array</Filter>
    </ClCompile>
    <ClCompile Include="cpp1.cpp">
      <Filter>소스 파일\array</Filter>
    </ClCompile>
    <ClCompile Include="cpp2.cpp">
      <Filter>소스 파일\array</Filter>
    </ClCompile>
    <ClCompile Include="cpp3.cpp">
      <Filter>소스 파일\array</Filter>
    </ClCompile>
    <ClCompile Include="cpp4.cpp">
      <Filter>소스 파일\array</Filter>
    </ClCompile>
    <ClCompile Include="cpp5.cpp">
      <Filter>소스 파일\array</Filter>
    </ClCompile>
    <ClCompile Include="cpp6.cpp">
      <Filter>소스 파일\array</Filter>
    </ClCompile>
    <ClCompile Include="cpp8.cpp">
      <Filter>소스 파일\stack</Filter>
    </ClCompile>
    <ClCompile Include="cpp09.cpp">
      <Filter>소스 파일\stack</Filter>
    </ClCompile>
    <ClCompile Include="cpp10.cpp">
      <Filter>소스 파일\stack</Filter>
    </ClCompile>
    <ClCompile Include="cpp11.cpp">
      <Filter>소스 파일\stack</Filter>
    </ClCompile>
    <ClCompile Include="cpp12.cpp">
      <Filter>소스 파일\stack</Filter>
    </ClCompile>
    <ClCompile Include="cpp13.cpp">
      <Filter>소스 파일\stack</Filter>
    </ClCompile>
    <ClCompile Include="cpp15.cpp">
      <Filter>소스 파일\Queue</Filter>
    </ClCompile>
    <ClCompile Include="cpp16.cpp">
      <Filter>소스 파일\Queue</Filter>
    </ClCompile>
    <ClCompile Include="cpp17.cpp">
      <Filter>소스 파일\Queue</Filter>
    </ClCompile>
    <ClCompile Include="cpp19.cpp">
      <Filter>소스 파일\Hash</Filter>
    </ClCompile>
    <ClCompile Include="cpp18.cpp">
      <Filter>소스 파일\Hash</Filter>
    </ClCompile>
    <ClCompile Include="cpp20.cpp">
      <Filter>소스 파일\Hash</Filter>
    </ClCompile>
    <ClCompile Include="cpp21.cpp">
      <Filter>소스 파일\Hash</Filter>
    </ClCompile>
    <ClCompile Include="cpp22.cpp">
      <Filter>소스 파일\Hash</Filter>
    </ClCompile>
    <ClCompile Include="cpp23.cpp">
      <Filter>소스 파일\Hash</Filter>
    </ClCompile>
    <ClCompile Include="cpp24.cpp">
      <Filter>소스 파일\Hash</Filter>
    </ClCompile>
    <ClCompile Include="cpp25.cpp">
      <Filter>소스 파일\Hash</Filter>
    </ClCompile>
    <ClCompile Include="cpp26.cpp">
      <Filter>소스 파일\Hash</Filter>
    </ClCompile>
    <ClCompile Include="cpp27.cpp">
      <Filter>소스 파일\Hash</Filter>
    </ClCompile>
    <ClCompile Include="cpp28.cpp">
      <Filter>소스 파일\Tree</Filter>
    </ClCompile>
    <ClCompile Include="cpp29.cpp">
      <Filter>소스 파일\Tree</Filter>
    </ClCompile>
    <ClCompile Include="cpp30.cpp">
      <Filter>소스 파일\Tree</Filter>
    </ClCompile>
    <ClCompile Include="cpp31.cpp">
      <Filter>소스 파일\Tree</Filter>
    </ClCompile>
    <ClCompile Include="cpp32.cpp">
      <Filter>소스 파일\Tree</Filter>
    </ClCompile>
    <ClCompile Include="cpp33.cpp">
      <Filter>소스 파일\Set</Filter>
    </ClCompile>
    <ClCompile Include="cpp33_1.cpp">
      <Filter>소스 파일\Set</Filter>
    </ClCompile>
    <ClCompile Include="repeat_33.cpp">
      <Filter>소스 파일\Set</Filter>
    </ClCompile>
    <ClCompile Include="cpp34.cpp">
      <Filter>소스 파일\Set</Filter>
    </ClCompile>
    <ClCompile Include="cpp35.cpp">
      <Filter>소스 파일\Set</Filter>
    </ClCompile>
    <ClCompile Include="cpp36.cpp">
      <Filter>소스 파일\Graph</Filter>
    </ClCompile>
    <ClCompile Include="cpp37.cpp">
      <Filter>소스 파일\Graph</Filter>
    </ClCompile>
    <ClCompile Include="2025_afternoon_1.cpp">
      <Filter>소스 파일\Simulation</Filter>
    </ClCompile>
    <ClCompile Include="마법의숲.cpp">
      <Filter>Samsung</Filter>
    </ClCompile>
    <ClCompile Include="고대문명유적탐사.cpp">
      <Filter>Samsung</Filter>
    </ClCompile>
  </ItemGroup>
</Project>